{
  "name": "genratewallet",
  "version": "1.0.0",
  "lockfileVersion": 3,
  "requires": true,
  "packages": {
    "": {
      "name": "genratewallet",
      "version": "1.0.0",
      "license": "ISC",
      "dependencies": {
        "asynckit": "^0.4.0",
        "axios": "^0.27.2",
        "base-x": "^3.0.9",
        "bech32": "^2.0.0",
        "bigi": "^1.4.2",
        "bip-schnorr": "^0.6.4",
        "bitcore-lib": "^8.25.47",
        "bitcore-mnemonic": "^8.25.47",
        "bn.js": "^4.11.8",
        "brorand": "^1.1.0",
        "bs58": "^4.0.1",
        "buffer-compare": "^1.1.1",
        "combined-stream": "^1.0.8",
        "delayed-stream": "^1.0.0",
        "ecurve": "^1.0.6",
        "elliptic": "^6.5.4",
        "follow-redirects": "^1.15.1",
        "form-data": "^4.0.0",
        "hash.js": "^1.1.7",
        "hmac-drbg": "^1.0.1",
        "inherits": "^2.0.4",
        "js-sha256": "^0.9.0",
        "lodash": "^4.17.21",
        "mime-db": "^1.52.0",
        "mime-types": "^2.1.35",
        "minimalistic-assert": "^1.0.1",
        "minimalistic-crypto-utils": "^1.0.1",
        "randombytes": "^2.1.0",
        "safe-buffer": "^5.2.1",
        "unorm": "^1.6.0"
      }
    },
    "node_modules/asynckit": {
      "version": "0.4.0",
      "license": "MIT"
    },
    "node_modules/axios": {
      "version": "0.27.2",
      "license": "MIT",
      "dependencies": {
        "follow-redirects": "^1.14.9",
        "form-data": "^4.0.0"
      }
    },
    "node_modules/base-x": {
      "version": "3.0.9",
      "license": "MIT",
      "dependencies": {
        "safe-buffer": "^5.0.1"
      }
    },
    "node_modules/bech32": {
      "version": "2.0.0",
      "license": "MIT"
    },
    "node_modules/bigi": {
      "version": "1.4.2"
    },
    "node_modules/bip-schnorr": {
      "version": "0.6.4",
      "license": "MIT",
      "dependencies": {
        "bigi": "^1.4.2",
        "ecurve": "^1.0.6",
        "js-sha256": "^0.9.0",
        "randombytes": "^2.1.0",
        "safe-buffer": "^5.2.1"
      },
      "engines": {
        "node": ">=8.0.0"
      }
    },
    "node_modules/bitcore-lib": {
      "version": "8.25.47",
      "resolved": "https://registry.npmjs.org/bitcore-lib/-/bitcore-lib-8.25.47.tgz",
      "integrity": "sha512-qDZr42HuP4P02I8kMGZUx/vvwuDsz8X3rQxXLfM0BtKzlQBcbSM7ycDkDN99Xc5jzpd4fxNQyyFXOmc6owUsrQ==",
      "dependencies": {
        "bech32": "=2.0.0",
        "bip-schnorr": "=0.6.4",
        "bn.js": "=4.11.8",
        "bs58": "^4.0.1",
        "buffer-compare": "=1.1.1",
        "elliptic": "^6.5.3",
        "inherits": "=2.0.1",
        "lodash": "^4.17.20"
      }
    },
    "node_modules/bitcore-lib/node_modules/inherits": {
      "version": "2.0.1",
      "license": "ISC"
    },
    "node_modules/bitcore-mnemonic": {
      "version": "8.25.47",
      "resolved": "https://registry.npmjs.org/bitcore-mnemonic/-/bitcore-mnemonic-8.25.47.tgz",
      "integrity": "sha512-wTa0imZZpFTqwlpyokvU8CNl+YdaIvQIrWKp/0AEL9gPX2vuzBnE+U8Ok6D5lHCnbG6dvmoesmtyf6R3aYI86A==",
      "dependencies": {
        "bitcore-lib": "^8.25.47",
        "unorm": "^1.4.1"
      },
      "peerDependencies": {
        "bitcore-lib": "^8.20.1"
      }
    },
    "node_modules/bn.js": {
      "version": "4.11.8",
      "license": "MIT"
    },
    "node_modules/brorand": {
      "version": "1.1.0",
      "license": "MIT"
    },
    "node_modules/bs58": {
      "version": "4.0.1",
      "license": "MIT",
      "dependencies": {
        "base-x": "^3.0.2"
      }
    },
    "node_modules/buffer-compare": {
      "version": "1.1.1"
    },
    "node_modules/combined-stream": {
      "version": "1.0.8",
      "license": "MIT",
      "dependencies": {
        "delayed-stream": "~1.0.0"
      },
      "engines": {
        "node": ">= 0.8"
      }
    },
    "node_modules/delayed-stream": {
      "version": "1.0.0",
      "license": "MIT",
      "engines": {
        "node": ">=0.4.0"
      }
    },
    "node_modules/ecurve": {
      "version": "1.0.6",
      "license": "MIT",
      "dependencies": {
        "bigi": "^1.1.0",
        "safe-buffer": "^5.0.1"
      }
    },
    "node_modules/elliptic": {
      "version": "6.5.4",
      "license": "MIT",
      "dependencies": {
        "bn.js": "^4.11.9",
        "brorand": "^1.1.0",
        "hash.js": "^1.0.0",
        "hmac-drbg": "^1.0.1",
        "inherits": "^2.0.4",
        "minimalistic-assert": "^1.0.1",
        "minimalistic-crypto-utils": "^1.0.1"
      }
    },
    "node_modules/elliptic/node_modules/bn.js": {
      "version": "4.12.0",
      "license": "MIT"
    },
    "node_modules/follow-redirects": {
      "version": "1.15.1",
      "funding": [
        {
          "type": "individual",
          "url": "https://github.com/sponsors/RubenVerborgh"
        }
      ],
      "license": "MIT",
      "engines": {
        "node": ">=4.0"
      },
      "peerDependenciesMeta": {
        "debug": {
          "optional": true
        }
      }
    },
    "node_modules/form-data": {
      "version": "4.0.0",
      "license": "MIT",
      "dependencies": {
        "asynckit": "^0.4.0",
        "combined-stream": "^1.0.8",
        "mime-types": "^2.1.12"
      },
      "engines": {
        "node": ">= 6"
      }
    },
    "node_modules/hash.js": {
      "version": "1.1.7",
      "license": "MIT",
      "dependencies": {
        "inherits": "^2.0.3",
        "minimalistic-assert": "^1.0.1"
      }
    },
    "node_modules/hmac-drbg": {
      "version": "1.0.1",
      "license": "MIT",
      "dependencies": {
        "hash.js": "^1.0.3",
        "minimalistic-assert": "^1.0.0",
        "minimalistic-crypto-utils": "^1.0.1"
      }
    },
    "node_modules/inherits": {
      "version": "2.0.4",
      "license": "ISC"
    },
    "node_modules/js-sha256": {
      "version": "0.9.0",
      "license": "MIT"
    },
    "node_modules/lodash": {
      "version": "4.17.21",
      "license": "MIT"
    },
    "node_modules/mime-db": {
      "version": "1.52.0",
      "license": "MIT",
      "engines": {
        "node": ">= 0.6"
      }
    },
    "node_modules/mime-types": {
      "version": "2.1.35",
      "license": "MIT",
      "dependencies": {
        "mime-db": "1.52.0"
      },
      "engines": {
        "node": ">= 0.6"
      }
    },
    "node_modules/minimalistic-assert": {
      "version": "1.0.1",
      "license": "ISC"
    },
    "node_modules/minimalistic-crypto-utils": {
      "version": "1.0.1",
      "license": "MIT"
    },
    "node_modules/randombytes": {
      "version": "2.1.0",
      "license": "MIT",
      "dependencies": {
        "safe-buffer": "^5.1.0"
      }
    },
    "node_modules/safe-buffer": {
      "version": "5.2.1",
      "funding": [
        {
          "type": "github",
          "url": "https://github.com/sponsors/feross"
        },
        {
          "type": "patreon",
          "url": "https://www.patreon.com/feross"
        },
        {
          "type": "consulting",
          "url": "https://feross.org/support"
        }
      ],
      "license": "MIT"
    },
    "node_modules/unorm": {
      "version": "1.6.0",
      "license": "MIT or GPL-2.0",
      "engines": {
        "node": ">= 0.4.0"
      }
    }
  }
}
